# THIS IS AN AUTOGENERATED FILE. DO NOT EDIT THIS FILE DIRECTLY.
# yarn lockfile v1


feed@^1.1.0:
  version "1.1.0"
  resolved "https://registry.yarnpkg.com/feed/-/feed-1.1.0.tgz#a8367ca5ed5191eb429b42732050df25f17a9966"
  dependencies:
    xml "^1.0.1"

xml@^1.0.1:
  version "1.0.1"
  resolved "https://registry.yarnpkg.com/xml/-/xml-1.0.1.tgz#78ba72020029c5bc87b8a81a3cfcd74b4a2fc1e5"
